Microsoft Visual Studio Solution File, Format Version 11.00
# Visual Studio 2008

Project("{465B43BD-A057-9544-B4AB-69361DC942DD}") = "Airport_HTC.Prototype", "Assembly-CSharp-firstpass.csproj", "{5B662823-D5DD-5DFE-C795-C37DA2E70969}"
EndProject
Project("{465B43BD-A057-9544-B4AB-69361DC942DD}") = "Airport_HTC.Prototype", "Assembly-CSharp.csproj", "{CD25D90A-4A00-B6F9-9622-CF76566C1EA3}"
EndProject
Project("{465B43BD-A057-9544-B4AB-69361DC942DD}") = "Airport_HTC.Prototype", "Assembly-CSharp-Editor.csproj", "{69461F8F-1958-3B29-4088-6BF6C07C6726}"
EndProject
Global
	GlobalSection(SolutionConfigurationPlatforms) = preSolution
		Debug|Any CPU = Debug|Any CPU
		Release|Any CPU = Release|Any CPU
	EndGlobalSection
	GlobalSection(ProjectConfigurationPlatforms) = postSolution
		{5B662823-D5DD-5DFE-C795-C37DA2E70969}.Debug|Any CPU.ActiveCfg = Debug|Any CPU
		{5B662823-D5DD-5DFE-C795-C37DA2E70969}.Debug|Any CPU.Build.0 = Debug|Any CPU
		{5B662823-D5DD-5DFE-C795-C37DA2E70969}.Release|Any CPU.ActiveCfg = Release|Any CPU
		{5B662823-D5DD-5DFE-C795-C37DA2E70969}.Release|Any CPU.Build.0 = Release|Any CPU
		{CD25D90A-4A00-B6F9-9622-CF76566C1EA3}.Debug|Any CPU.ActiveCfg = Debug|Any CPU
		{CD25D90A-4A00-B6F9-9622-CF76566C1EA3}.Debug|Any CPU.Build.0 = Debug|Any CPU
		{CD25D90A-4A00-B6F9-9622-CF76566C1EA3}.Release|Any CPU.ActiveCfg = Release|Any CPU
		{CD25D90A-4A00-B6F9-9622-CF76566C1EA3}.Release|Any CPU.Build.0 = Release|Any CPU
		{69461F8F-1958-3B29-4088-6BF6C07C6726}.Debug|Any CPU.ActiveCfg = Debug|Any CPU
		{69461F8F-1958-3B29-4088-6BF6C07C6726}.Debug|Any CPU.Build.0 = Debug|Any CPU
		{69461F8F-1958-3B29-4088-6BF6C07C6726}.Release|Any CPU.ActiveCfg = Release|Any CPU
		{69461F8F-1958-3B29-4088-6BF6C07C6726}.Release|Any CPU.Build.0 = Release|Any CPU
	EndGlobalSection
	GlobalSection(SolutionProperties) = preSolution
		HideSolutionNode = FALSE
	EndGlobalSection
	GlobalSection(MonoDevelopProperties) = preSolution
		StartupItem = Assembly-CSharp.csproj
	EndGlobalSection
EndGlobal
