
Microsoft Visual Studio Solution File, Format Version 12.00
# Visual Studio 2015
Project("{FAE04EC0-301F-11D3-BF4B-00C04F79EFBC}") = "Airport_HTC.Prototype.CSharp.Plugins", "Airport_HTC.Prototype.CSharp.Plugins.csproj", "{7CDF0A9D-7F5B-CBFA-7973-EFACE160D06D}"
EndProject
Project("{FAE04EC0-301F-11D3-BF4B-00C04F79EFBC}") = "Airport_HTC.Prototype.CSharp", "Airport_HTC.Prototype.CSharp.csproj", "{9CFCA591-7F19-255A-296C-A797CE84C2DF}"
EndProject
Project("{FAE04EC0-301F-11D3-BF4B-00C04F79EFBC}") = "Airport_HTC.Prototype.CSharp.Editor", "Airport_HTC.Prototype.CSharp.Editor.csproj", "{5018830E-84CC-849D-D4D0-C824C78B1597}"
EndProject
Global
	GlobalSection(SolutionConfigurationPlatforms) = preSolution
		Debug|Any CPU = Debug|Any CPU
		Release|Any CPU = Release|Any CPU
	EndGlobalSection
	GlobalSection(ProjectConfigurationPlatforms) = postSolution
		{7CDF0A9D-7F5B-CBFA-7973-EFACE160D06D}.Debug|Any CPU.ActiveCfg = Debug|Any CPU
		{7CDF0A9D-7F5B-CBFA-7973-EFACE160D06D}.Debug|Any CPU.Build.0 = Debug|Any CPU
		{7CDF0A9D-7F5B-CBFA-7973-EFACE160D06D}.Release|Any CPU.ActiveCfg = Release|Any CPU
		{7CDF0A9D-7F5B-CBFA-7973-EFACE160D06D}.Release|Any CPU.Build.0 = Release|Any CPU
		{9CFCA591-7F19-255A-296C-A797CE84C2DF}.Debug|Any CPU.ActiveCfg = Debug|Any CPU
		{9CFCA591-7F19-255A-296C-A797CE84C2DF}.Debug|Any CPU.Build.0 = Debug|Any CPU
		{9CFCA591-7F19-255A-296C-A797CE84C2DF}.Release|Any CPU.ActiveCfg = Release|Any CPU
		{9CFCA591-7F19-255A-296C-A797CE84C2DF}.Release|Any CPU.Build.0 = Release|Any CPU
		{5018830E-84CC-849D-D4D0-C824C78B1597}.Debug|Any CPU.ActiveCfg = Debug|Any CPU
		{5018830E-84CC-849D-D4D0-C824C78B1597}.Debug|Any CPU.Build.0 = Debug|Any CPU
		{5018830E-84CC-849D-D4D0-C824C78B1597}.Release|Any CPU.ActiveCfg = Release|Any CPU
		{5018830E-84CC-849D-D4D0-C824C78B1597}.Release|Any CPU.Build.0 = Release|Any CPU
	EndGlobalSection
	GlobalSection(SolutionProperties) = preSolution
		HideSolutionNode = FALSE
	EndGlobalSection
EndGlobal
